{
  "version": "5",
  "remote": {
    "https://edge.netlify.com/": "fd941d61d88673d5f28aab283fb86fcc50f08a3bc80ee5470498fcfa88c65cfb",
    "https://edge.netlify.com/bootstrap/config.ts": "6a2ce0e544e15e8f8883a5c18da5948e37fd0f2619f68cb31f3af53c51817025",
    "https://edge.netlify.com/bootstrap/context.ts": "e97240232121e2f369f6546ce961490f34d961ea1ea54be3ff09633e3f08373f",
    "https://edge.netlify.com/bootstrap/cookie.ts": "8b0baae708989ca183c6f3b4ab3d029e6abcbc2e43f93edeb0ff447b3bbc3a05",
    "https://edge.netlify.com/bootstrap/edge_function.ts": "b8253e86aa83c67341f5cfedeba5049d77fbf84dcab7eceff7566b7728ae9b39",
    "https://edge.netlify.com/bootstrap/globals/types.ts": "eaa6148ded3121d8dee62dd91c86e7fe76601df0f3ca8d7962243a30f4c8935f"
  },
  "workspace": {
    "packageJson": {
      "dependencies": [
        "npm:@apollo/client@^3.7.9",
        "npm:@contentful/rich-text-html-renderer@^16.0.2",
        "npm:@rollup/plugin-graphql@^2.0.5",
        "npm:@types/jest@^29.4.0",
        "npm:@types/node@^24.3.1",
        "npm:@typescript-eslint/eslint-plugin@^5.53.0",
        "npm:@typescript-eslint/parser@^5.53.0",
        "npm:@vitejs/plugin-vue@^6.0.4",
        "npm:@vue/apollo-composable@^4.0.0-alpha.15",
        "npm:@vue/compiler-sfc@3",
        "npm:@vue/eslint-config-airbnb@7",
        "npm:@vue/eslint-config-typescript@^11.0.2",
        "npm:@vue/test-utils@^2.0.0-0",
        "npm:@vue/vue3-jest@^29.2.6",
        "npm:apollo-cache-inmemory@^1.6.6",
        "npm:apollo-client@^2.6.10",
        "npm:apollo-link-http@^1.5.17",
        "npm:apollo-link@^1.2.14",
        "npm:babel-jest@^29.7.0",
        "npm:bootstrap@^5.1.3",
        "npm:busboy@^1.6.0",
        "npm:core-js@^3.28.0",
        "npm:eslint-plugin-import@^2.20.2",
        "npm:eslint-plugin-vue@^9.9.0",
        "npm:eslint@^8.34.0",
        "npm:firebase-admin@^13.10.0",
        "npm:firebase@^12.9.0",
        "npm:form-data@4",
        "npm:graphql-tag@^2.12.6",
        "npm:graphql@^15.8.0",
        "npm:jest-environment-jsdom@^29.7.0",
        "npm:jest@^29.7.0",
        "npm:qrcode@^1.5.4",
        "npm:react-dom@^19.2.6",
        "npm:react@^19.2.6",
        "npm:resend@^3.2.0",
        "npm:sass@^1.97.3",
        "npm:shufflejs@^5.4.1",
        "npm:ts-jest@^29.2.6",
        "npm:typescript@~4.9.5",
        "npm:vite@^7.3.1",
        "npm:vue-dataset@^2.1.0",
        "npm:vue-meta@^3.0.0-alpha.9",
        "npm:vue-router@^4.1.6",
        "npm:vue3-carousel@~0.1.30",
        "npm:vue@^3.2.47",
        "npm:vuex-persist@^3.1.3",
        "npm:vuex@^4.1.0"
      ]
    }
  }
}
